dependencies:
  espressif/esp-nn:
    component_hash: f4633a02f05fef53b80de65ade1f733ebdef637e4c8b8be4eb11f5e27f6d9f3e
    source:
      service_url: https://api.components.espressif.com/
      type: service
    version: 1.1.2
  idf:
    component_hash: null
    source:
      type: idf
    version: 5.4.1
manifest_hash: d822e8e99ac111d9e67eeb072a3fbc7fb529d503169fc198f25e837b92d7c90c
target: esp32s3
version: 1.0.0
